
Microsoft Visual Studio Solution File, Format Version 12.00
# Visual Studio Version 17
VisualStudioVersion = 17.4.33213.308
MinimumVisualStudioVersion = 10.0.40219.1
Project("{9A19103F-16F7-4668-BE54-9A1E7A4F7556}") = "LAB-5", "LAB-5\LAB-5.csproj", "{0FDB31A7-589D-49CE-A17E-4AA7DF39A3AD}"
EndProject
Project("{FAE04EC0-301F-11D3-BF4B-00C04F79EFBC}") = "UnitTests", "UnitTests\UnitTests.csproj", "{EC42727C-F716-46F8-B8AF-92489D0F4ED8}"
EndProject
Global
	GlobalSection(SolutionConfigurationPlatforms) = preSolution
		Debug|Any CPU = Debug|Any CPU
		Release|Any CPU = Release|Any CPU
	EndGlobalSection
	GlobalSection(ProjectConfigurationPlatforms) = postSolution
		{0FDB31A7-589D-49CE-A17E-4AA7DF39A3AD}.Debug|Any CPU.ActiveCfg = Debug|Any CPU
		{0FDB31A7-589D-49CE-A17E-4AA7DF39A3AD}.Debug|Any CPU.Build.0 = Debug|Any CPU
		{0FDB31A7-589D-49CE-A17E-4AA7DF39A3AD}.Release|Any CPU.ActiveCfg = Release|Any CPU
		{0FDB31A7-589D-49CE-A17E-4AA7DF39A3AD}.Release|Any CPU.Build.0 = Release|Any CPU
		{EC42727C-F716-46F8-B8AF-92489D0F4ED8}.Debug|Any CPU.ActiveCfg = Debug|Any CPU
		{EC42727C-F716-46F8-B8AF-92489D0F4ED8}.Debug|Any CPU.Build.0 = Debug|Any CPU
		{EC42727C-F716-46F8-B8AF-92489D0F4ED8}.Release|Any CPU.ActiveCfg = Release|Any CPU
		{EC42727C-F716-46F8-B8AF-92489D0F4ED8}.Release|Any CPU.Build.0 = Release|Any CPU
	EndGlobalSection
	GlobalSection(SolutionProperties) = preSolution
		HideSolutionNode = FALSE
	EndGlobalSection
	GlobalSection(ExtensibilityGlobals) = postSolution
		SolutionGuid = {E9629732-01B3-4DF3-919F-3CDAF2FA07F7}
	EndGlobalSection
EndGlobal
